{
    "_readme": [
        "This file locks the dependencies of your project to a known state",
        "Read more about it at https://getcomposer.org/doc/01-basic-usage.md#installing-dependencies",
        "This file is @generated automatically"
    ],
    "content-hash": "8fa121e0e83f8d4e533818a10c7b1d59",
    "packages": [
        {
            "name": "twbs/bootstrap",
            "version": "v5.2.1",
            "source": {
                "type": "git",
                "url": "https://github.com/twbs/bootstrap.git",
                "reference": "23e50829f958ea1d741d63e2781716be037e4644"
            },
            "dist": {
                "type": "zip",
                "url": "https://api.github.com/repos/twbs/bootstrap/zipball/23e50829f958ea1d741d63e2781716be037e4644",
                "reference": "23e50829f958ea1d741d63e2781716be037e4644",
                "shasum": ""
            },
            "replace": {
                "twitter/bootstrap": "self.version"
            },
            "type": "library",
            "notification-url": "https://packagist.org/downloads/",
            "license": [
                "MIT"
            ],
            "authors": [
                {
                    "name": "Mark Otto",
                    "email": "markdotto@gmail.com"
                },
                {
                    "name": "Jacob Thornton",
                    "email": "jacobthornton@gmail.com"
                }
            ],
            "description": "The most popular front-end framework for developing responsive, mobile first projects on the web.",
            "homepage": "https://getbootstrap.com/",
            "keywords": [
                "JS",
                "css",
                "framework",
                "front-end",
                "mobile-first",
                "responsive",
                "sass",
                "web"
            ],
            "support": {
                "issues": "https://github.com/twbs/bootstrap/issues",
                "source": "https://github.com/twbs/bootstrap/tree/v5.2.1"
            },
            "time": "2022-09-07T15:31:39+00:00"
        },
        {
            "name": "what3words/w3w-php-wrapper",
            "version": "v3.3.0",
            "source": {
                "type": "git",
                "url": "https://github.com/what3words/w3w-php-wrapper.git",
                "reference": "5fc3c046378a463e2fd14d4002e620672590f7ef"
            },
            "dist": {
                "type": "zip",
                "url": "https://api.github.com/repos/what3words/w3w-php-wrapper/zipball/5fc3c046378a463e2fd14d4002e620672590f7ef",
                "reference": "5fc3c046378a463e2fd14d4002e620672590f7ef",
                "shasum": ""
            },
            "require": {
                "php": ">=5.4"
            },
            "require-dev": {
                "phpunit/phpunit": "^5.3"
            },
            "type": "library",
            "extra": {
                "thanks": "Thanks from all of us at index.home.raft for using what3words"
            },
            "autoload": {
                "psr-4": {
                    "What3words\\Geocoder\\": "src"
                }
            },
            "notification-url": "https://packagist.org/downloads/",
            "license": [
                "MIT"
            ],
            "authors": [
                {
                    "name": "what3words",
                    "email": "support@what3words.com"
                },
                {
                    "name": "Gary Gale",
                    "email": "gary@what3words.com",
                    "homepage": "http://www.garygale.com"
                }
            ],
            "description": "A PHP library to use the what3words RESTful API",
            "homepage": "https://github.com/what3words/w3w-php-wrapper",
            "keywords": [
                "3 word address",
                "geocoding",
                "what3words"
            ],
            "support": {
                "docs": "https://developer.what3words.com",
                "email": "support@what3words.com",
                "issues": "https://github.com/what3words/w3w-php-wrapper/issues",
                "source": "https://github.com/what3words/w3w-php-wrapper"
            },
            "time": "2019-09-11T13:05:55+00:00"
        }
    ],
    "packages-dev": [],
    "aliases": [],
    "minimum-stability": "stable",
    "stability-flags": [],
    "prefer-stable": false,
    "prefer-lowest": false,
    "platform": [],
    "platform-dev": [],
    "plugin-api-version": "2.0.0"
}
